// !$*UTF8*$!
{
	archiveVersion = 1;
	classes = {
	};
	objectVersion = 56;
	objects = {

/* Begin PBXBuildFile section */
		6226AB5A2856B03500F63408 /* TaskStorage.swift in Sources */ = {isa = PBXBuildFile; fileRef = 6226AB592856B03500F63408 /* TaskStorage.swift */; };
		6226AB5C2856B73C00F63408 /* TaskModelView.swift in Sources */ = {isa = PBXBuildFile; fileRef = 6226AB5B2856B73C00F63408 /* TaskModelView.swift */; };
		623C9AA529147A5800E1D2D5 /* SessionView.swift in Sources */ = {isa = PBXBuildFile; fileRef = 623C9AA429147A5700E1D2D5 /* SessionView.swift */; };
		623C9AAA29147AB100E1D2D5 /* LoginView.swift in Sources */ = {isa = PBXBuildFile; fileRef = 623C9AA629147AAA00E1D2D5 /* LoginView.swift */; };
		623C9AAB29147AB100E1D2D5 /* SignUpView.swift in Sources */ = {isa = PBXBuildFile; fileRef = 623C9AA729147AAF00E1D2D5 /* SignUpView.swift */; };
		623C9AAC29147AB100E1D2D5 /* ConfirmSignUpView.swift in Sources */ = {isa = PBXBuildFile; fileRef = 623C9AA829147AB000E1D2D5 /* ConfirmSignUpView.swift */; };
		623C9AAD29147AB100E1D2D5 /* UserState.swift in Sources */ = {isa = PBXBuildFile; fileRef = 623C9AA929147AB000E1D2D5 /* UserState.swift */; };
		6249FB3729148E8E00774CBD /* User.swift in Sources */ = {isa = PBXBuildFile; fileRef = 6249FB3629148E8E00774CBD /* User.swift */; };
		627EB1C628734D27004C5AEE /* Action.swift in Sources */ = {isa = PBXBuildFile; fileRef = 627EB1C528734D27004C5AEE /* Action.swift */; };
		627EB1C828734FCA004C5AEE /* FormControl.swift in Sources */ = {isa = PBXBuildFile; fileRef = 627EB1C728734FCA004C5AEE /* FormControl.swift */; };
		627EB1CA28735C6E004C5AEE /* PhotoControl.swift in Sources */ = {isa = PBXBuildFile; fileRef = 627EB1C928735C6E004C5AEE /* PhotoControl.swift */; };
		627EB1CC28735C86004C5AEE /* ImagePicker.swift in Sources */ = {isa = PBXBuildFile; fileRef = 627EB1CB28735C86004C5AEE /* ImagePicker.swift */; };
		627EB1CE2873A03B004C5AEE /* LocationManager.swift in Sources */ = {isa = PBXBuildFile; fileRef = 627EB1CD2873A03B004C5AEE /* LocationManager.swift */; };
		627EB1D22873A526004C5AEE /* MapKit.framework in Frameworks */ = {isa = PBXBuildFile; fileRef = 627EB1D12873A526004C5AEE /* MapKit.framework */; };
		627EB1D42873AD93004C5AEE /* MapView.swift in Sources */ = {isa = PBXBuildFile; fileRef = 627EB1D32873AD93004C5AEE /* MapView.swift */; };
		629EE286285F8D46009F32DC /* TaskView.swift in Sources */ = {isa = PBXBuildFile; fileRef = 629EE285285F8D46009F32DC /* TaskView.swift */; };
		62A54DDC280C84AD00FCC053 /* navigatorApp.swift in Sources */ = {isa = PBXBuildFile; fileRef = 62A54DDB280C84AD00FCC053 /* navigatorApp.swift */; };
		62A54DDE280C84AD00FCC053 /* ContentView.swift in Sources */ = {isa = PBXBuildFile; fileRef = 62A54DDD280C84AD00FCC053 /* ContentView.swift */; };
		62A54DE0280C84B100FCC053 /* Assets.xcassets in Resources */ = {isa = PBXBuildFile; fileRef = 62A54DDF280C84B100FCC053 /* Assets.xcassets */; };
		62A54DE3280C84B100FCC053 /* Preview Assets.xcassets in Resources */ = {isa = PBXBuildFile; fileRef = 62A54DE2280C84B100FCC053 /* Preview Assets.xcassets */; };
		62A54DE5280C84B100FCC053 /* Persistence.swift in Sources */ = {isa = PBXBuildFile; fileRef = 62A54DE4280C84B100FCC053 /* Persistence.swift */; };
		62A54DE8280C84B100FCC053 /* navigator.xcdatamodeld in Sources */ = {isa = PBXBuildFile; fileRef = 62A54DE6280C84B100FCC053 /* navigator.xcdatamodeld */; };
		62BB50FF286948CF00F975C1 /* FormView.swift in Sources */ = {isa = PBXBuildFile; fileRef = 62BB50FE286948CF00F975C1 /* FormView.swift */; };
		62BB510228694E5B00F975C1 /* form.json in Resources */ = {isa = PBXBuildFile; fileRef = 62BB510028694E5B00F975C1 /* form.json */; };
		62BB510328694E5B00F975C1 /* actions.json in Resources */ = {isa = PBXBuildFile; fileRef = 62BB510128694E5B00F975C1 /* actions.json */; };
		9DE7FDAF403717190FABB5E3 /* awsconfiguration.json in Resources */ = {isa = PBXBuildFile; fileRef = F28192758111132E42A41AD0 /* awsconfiguration.json */; };
		BD189FEE287EFA1A7BE14BE6 /* amplifyconfiguration.json in Resources */ = {isa = PBXBuildFile; fileRef = 7F93112BFCC9CAE6439BC734 /* amplifyconfiguration.json */; };
		CC3C95C82A3E733A0007AC70 /* TaskStatus.swift in Sources */ = {isa = PBXBuildFile; fileRef = CC3C95C72A3E733A0007AC70 /* TaskStatus.swift */; };
		CC3C95CA2A3E75240007AC70 /* UpdateTask.swift in Sources */ = {isa = PBXBuildFile; fileRef = CC3C95C92A3E75240007AC70 /* UpdateTask.swift */; };
		CC79F2EE2A37D311006BAADE /* AWSAPIPlugin in Frameworks */ = {isa = PBXBuildFile; productRef = CC79F2ED2A37D311006BAADE /* AWSAPIPlugin */; };
		CC79F2F02A37D311006BAADE /* AWSCognitoAuthPlugin in Frameworks */ = {isa = PBXBuildFile; productRef = CC79F2EF2A37D311006BAADE /* AWSCognitoAuthPlugin */; };
		CC79F2F22A37D311006BAADE /* AWSDataStorePlugin in Frameworks */ = {isa = PBXBuildFile; productRef = CC79F2F12A37D311006BAADE /* AWSDataStorePlugin */; };
		CC79F2F42A37D311006BAADE /* AWSPluginsCore in Frameworks */ = {isa = PBXBuildFile; productRef = CC79F2F32A37D311006BAADE /* AWSPluginsCore */; };
		CC79F2F62A37D311006BAADE /* AWSS3StoragePlugin in Frameworks */ = {isa = PBXBuildFile; productRef = CC79F2F52A37D311006BAADE /* AWSS3StoragePlugin */; };
		CC79F2F82A37D311006BAADE /* Amplify in Frameworks */ = {isa = PBXBuildFile; productRef = CC79F2F72A37D311006BAADE /* Amplify */; };
		CC79F2FB2A37E327006BAADE /* Authenticator in Frameworks */ = {isa = PBXBuildFile; productRef = CC79F2FA2A37E327006BAADE /* Authenticator */; };
		CC79F2FD2A38C6DC006BAADE /* TaskDto.swift in Sources */ = {isa = PBXBuildFile; fileRef = CC79F2FC2A38C6DC006BAADE /* TaskDto.swift */; };
/* End PBXBuildFile section */

/* Begin PBXFileReference section */
		6226AB592856B03500F63408 /* TaskStorage.swift */ = {isa = PBXFileReference; lastKnownFileType = sourcecode.swift; path = TaskStorage.swift; sourceTree = "<group>"; };
		6226AB5B2856B73C00F63408 /* TaskModelView.swift */ = {isa = PBXFileReference; lastKnownFileType = sourcecode.swift; path = TaskModelView.swift; sourceTree = "<group>"; };
		623C9AA429147A5700E1D2D5 /* SessionView.swift */ = {isa = PBXFileReference; fileEncoding = 4; lastKnownFileType = sourcecode.swift; path = SessionView.swift; sourceTree = "<group>"; };
		623C9AA629147AAA00E1D2D5 /* LoginView.swift */ = {isa = PBXFileReference; fileEncoding = 4; lastKnownFileType = sourcecode.swift; path = LoginView.swift; sourceTree = "<group>"; };
		623C9AA729147AAF00E1D2D5 /* SignUpView.swift */ = {isa = PBXFileReference; fileEncoding = 4; lastKnownFileType = sourcecode.swift; path = SignUpView.swift; sourceTree = "<group>"; };
		623C9AA829147AB000E1D2D5 /* ConfirmSignUpView.swift */ = {isa = PBXFileReference; fileEncoding = 4; lastKnownFileType = sourcecode.swift; path = ConfirmSignUpView.swift; sourceTree = "<group>"; };
		623C9AA929147AB000E1D2D5 /* UserState.swift */ = {isa = PBXFileReference; fileEncoding = 4; lastKnownFileType = sourcecode.swift; path = UserState.swift; sourceTree = "<group>"; };
		6249FB3629148E8E00774CBD /* User.swift */ = {isa = PBXFileReference; lastKnownFileType = sourcecode.swift; path = User.swift; sourceTree = "<group>"; };
		627EB1C528734D27004C5AEE /* Action.swift */ = {isa = PBXFileReference; lastKnownFileType = sourcecode.swift; path = Action.swift; sourceTree = "<group>"; };
		627EB1C728734FCA004C5AEE /* FormControl.swift */ = {isa = PBXFileReference; lastKnownFileType = sourcecode.swift; path = FormControl.swift; sourceTree = "<group>"; };
		627EB1C928735C6E004C5AEE /* PhotoControl.swift */ = {isa = PBXFileReference; fileEncoding = 4; lastKnownFileType = sourcecode.swift; path = PhotoControl.swift; sourceTree = "<group>"; };
		627EB1CB28735C86004C5AEE /* ImagePicker.swift */ = {isa = PBXFileReference; fileEncoding = 4; lastKnownFileType = sourcecode.swift; path = ImagePicker.swift; sourceTree = "<group>"; };
		627EB1CD2873A03B004C5AEE /* LocationManager.swift */ = {isa = PBXFileReference; fileEncoding = 4; lastKnownFileType = sourcecode.swift; path = LocationManager.swift; sourceTree = "<group>"; };
		627EB1CF2873A526004C5AEE /* Info.plist */ = {isa = PBXFileReference; lastKnownFileType = text.plist; path = Info.plist; sourceTree = "<group>"; };
		627EB1D12873A526004C5AEE /* MapKit.framework */ = {isa = PBXFileReference; lastKnownFileType = wrapper.framework; name = MapKit.framework; path = System/Library/Frameworks/MapKit.framework; sourceTree = SDKROOT; };
		627EB1D32873AD93004C5AEE /* MapView.swift */ = {isa = PBXFileReference; fileEncoding = 4; lastKnownFileType = sourcecode.swift; path = MapView.swift; sourceTree = "<group>"; };
		629EE285285F8D46009F32DC /* TaskView.swift */ = {isa = PBXFileReference; lastKnownFileType = sourcecode.swift; path = TaskView.swift; sourceTree = "<group>"; };
		62A54DD8280C84AD00FCC053 /* navigator.app */ = {isa = PBXFileReference; explicitFileType = wrapper.application; includeInIndex = 0; path = navigator.app; sourceTree = BUILT_PRODUCTS_DIR; };
		62A54DDB280C84AD00FCC053 /* navigatorApp.swift */ = {isa = PBXFileReference; lastKnownFileType = sourcecode.swift; path = navigatorApp.swift; sourceTree = "<group>"; };
		62A54DDD280C84AD00FCC053 /* ContentView.swift */ = {isa = PBXFileReference; lastKnownFileType = sourcecode.swift; path = ContentView.swift; sourceTree = "<group>"; };
		62A54DDF280C84B100FCC053 /* Assets.xcassets */ = {isa = PBXFileReference; lastKnownFileType = folder.assetcatalog; path = Assets.xcassets; sourceTree = "<group>"; };
		62A54DE2280C84B100FCC053 /* Preview Assets.xcassets */ = {isa = PBXFileReference; lastKnownFileType = folder.assetcatalog; path = "Preview Assets.xcassets"; sourceTree = "<group>"; };
		62A54DE4280C84B100FCC053 /* Persistence.swift */ = {isa = PBXFileReference; lastKnownFileType = sourcecode.swift; path = Persistence.swift; sourceTree = "<group>"; };
		62A54DE7280C84B100FCC053 /* navigator.xcdatamodel */ = {isa = PBXFileReference; lastKnownFileType = wrapper.xcdatamodel; path = navigator.xcdatamodel; sourceTree = "<group>"; };
		62BB50FE286948CF00F975C1 /* FormView.swift */ = {isa = PBXFileReference; lastKnownFileType = sourcecode.swift; path = FormView.swift; sourceTree = "<group>"; };
		62BB510028694E5B00F975C1 /* form.json */ = {isa = PBXFileReference; fileEncoding = 4; lastKnownFileType = text.json; path = form.json; sourceTree = "<group>"; };
		62BB510128694E5B00F975C1 /* actions.json */ = {isa = PBXFileReference; fileEncoding = 4; lastKnownFileType = text.json; path = actions.json; sourceTree = "<group>"; };
		7F93112BFCC9CAE6439BC734 /* amplifyconfiguration.json */ = {isa = PBXFileReference; explicitFileType = text.json; path = amplifyconfiguration.json; sourceTree = "<group>"; };
		CC3C95C72A3E733A0007AC70 /* TaskStatus.swift */ = {isa = PBXFileReference; lastKnownFileType = sourcecode.swift; path = TaskStatus.swift; sourceTree = "<group>"; };
		CC3C95C92A3E75240007AC70 /* UpdateTask.swift */ = {isa = PBXFileReference; lastKnownFileType = sourcecode.swift; path = UpdateTask.swift; sourceTree = "<group>"; };
		CC79F2FC2A38C6DC006BAADE /* TaskDto.swift */ = {isa = PBXFileReference; lastKnownFileType = sourcecode.swift; path = TaskDto.swift; sourceTree = "<group>"; };
		F28192758111132E42A41AD0 /* awsconfiguration.json */ = {isa = PBXFileReference; explicitFileType = text.json; path = awsconfiguration.json; sourceTree = "<group>"; };
/* End PBXFileReference section */

/* Begin PBXFrameworksBuildPhase section */
		62A54DD5280C84AD00FCC053 /* Frameworks */ = {
			isa = PBXFrameworksBuildPhase;
			buildActionMask = 2147483647;
			files = (
				CC79F2FB2A37E327006BAADE /* Authenticator in Frameworks */,
				CC79F2EE2A37D311006BAADE /* AWSAPIPlugin in Frameworks */,
				CC79F2F82A37D311006BAADE /* Amplify in Frameworks */,
				627EB1D22873A526004C5AEE /* MapKit.framework in Frameworks */,
				CC79F2F02A37D311006BAADE /* AWSCognitoAuthPlugin in Frameworks */,
				CC79F2F22A37D311006BAADE /* AWSDataStorePlugin in Frameworks */,
				CC79F2F42A37D311006BAADE /* AWSPluginsCore in Frameworks */,
				CC79F2F62A37D311006BAADE /* AWSS3StoragePlugin in Frameworks */,
			);
			runOnlyForDeploymentPostprocessing = 0;
		};
/* End PBXFrameworksBuildPhase section */

/* Begin PBXGroup section */
		5FD64D47F8785800DB5DC520 /* AmplifyConfig */ = {
			isa = PBXGroup;
			children = (
				F28192758111132E42A41AD0 /* awsconfiguration.json */,
				7F93112BFCC9CAE6439BC734 /* amplifyconfiguration.json */,
			);
			name = AmplifyConfig;
			sourceTree = "<group>";
		};
		627EB1C428734D13004C5AEE /* Model */ = {
			isa = PBXGroup;
			children = (
				627EB1C528734D27004C5AEE /* Action.swift */,
				627EB1C728734FCA004C5AEE /* FormControl.swift */,
				6249FB3629148E8E00774CBD /* User.swift */,
				CC79F2FC2A38C6DC006BAADE /* TaskDto.swift */,
				CC3C95C72A3E733A0007AC70 /* TaskStatus.swift */,
				CC3C95C92A3E75240007AC70 /* UpdateTask.swift */,
			);
			path = Model;
			sourceTree = "<group>";
		};
		627EB1D02873A526004C5AEE /* Frameworks */ = {
			isa = PBXGroup;
			children = (
				627EB1D12873A526004C5AEE /* MapKit.framework */,
			);
			name = Frameworks;
			sourceTree = "<group>";
		};
		62A54DCF280C84AD00FCC053 = {
			isa = PBXGroup;
			children = (
				62A54DDA280C84AD00FCC053 /* navigator */,
				62A54DD9280C84AD00FCC053 /* Products */,
				627EB1D02873A526004C5AEE /* Frameworks */,
				5FD64D47F8785800DB5DC520 /* AmplifyConfig */,
			);
			sourceTree = "<group>";
		};
		62A54DD9280C84AD00FCC053 /* Products */ = {
			isa = PBXGroup;
			children = (
				62A54DD8280C84AD00FCC053 /* navigator.app */,
			);
			name = Products;
			sourceTree = "<group>";
		};
		62A54DDA280C84AD00FCC053 /* navigator */ = {
			isa = PBXGroup;
			children = (
				627EB1CF2873A526004C5AEE /* Info.plist */,
				627EB1C428734D13004C5AEE /* Model */,
				62BB510128694E5B00F975C1 /* actions.json */,
				62BB510028694E5B00F975C1 /* form.json */,
				62A54DDB280C84AD00FCC053 /* navigatorApp.swift */,
				623C9AA829147AB000E1D2D5 /* ConfirmSignUpView.swift */,
				623C9AA629147AAA00E1D2D5 /* LoginView.swift */,
				623C9AA729147AAF00E1D2D5 /* SignUpView.swift */,
				623C9AA929147AB000E1D2D5 /* UserState.swift */,
				623C9AA429147A5700E1D2D5 /* SessionView.swift */,
				62A54DDD280C84AD00FCC053 /* ContentView.swift */,
				62A54DDF280C84B100FCC053 /* Assets.xcassets */,
				62A54DE4280C84B100FCC053 /* Persistence.swift */,
				62A54DE6280C84B100FCC053 /* navigator.xcdatamodeld */,
				62A54DE1280C84B100FCC053 /* Preview Content */,
				6226AB592856B03500F63408 /* TaskStorage.swift */,
				6226AB5B2856B73C00F63408 /* TaskModelView.swift */,
				629EE285285F8D46009F32DC /* TaskView.swift */,
				62BB50FE286948CF00F975C1 /* FormView.swift */,
				627EB1C928735C6E004C5AEE /* PhotoControl.swift */,
				627EB1CB28735C86004C5AEE /* ImagePicker.swift */,
				627EB1CD2873A03B004C5AEE /* LocationManager.swift */,
				627EB1D32873AD93004C5AEE /* MapView.swift */,
			);
			path = navigator;
			sourceTree = "<group>";
		};
		62A54DE1280C84B100FCC053 /* Preview Content */ = {
			isa = PBXGroup;
			children = (
				62A54DE2280C84B100FCC053 /* Preview Assets.xcassets */,
			);
			path = "Preview Content";
			sourceTree = "<group>";
		};
/* End PBXGroup section */

/* Begin PBXNativeTarget section */
		62A54DD7280C84AD00FCC053 /* navigator */ = {
			isa = PBXNativeTarget;
			buildConfigurationList = 62A54DEB280C84B100FCC053 /* Build configuration list for PBXNativeTarget "navigator" */;
			buildPhases = (
				62A54DD4280C84AD00FCC053 /* Sources */,
				62A54DD5280C84AD00FCC053 /* Frameworks */,
				62A54DD6280C84AD00FCC053 /* Resources */,
			);
			buildRules = (
			);
			dependencies = (
			);
			name = navigator;
			packageProductDependencies = (
				CC79F2ED2A37D311006BAADE /* AWSAPIPlugin */,
				CC79F2EF2A37D311006BAADE /* AWSCognitoAuthPlugin */,
				CC79F2F12A37D311006BAADE /* AWSDataStorePlugin */,
				CC79F2F32A37D311006BAADE /* AWSPluginsCore */,
				CC79F2F52A37D311006BAADE /* AWSS3StoragePlugin */,
				CC79F2F72A37D311006BAADE /* Amplify */,
				CC79F2FA2A37E327006BAADE /* Authenticator */,
			);
			productName = navigator;
			productReference = 62A54DD8280C84AD00FCC053 /* navigator.app */;
			productType = "com.apple.product-type.application";
		};
/* End PBXNativeTarget section */

/* Begin PBXProject section */
		62A54DD0280C84AD00FCC053 /* Project object */ = {
			isa = PBXProject;
			attributes = {
				BuildIndependentTargetsInParallel = 1;
				LastSwiftUpdateCheck = 1330;
				LastUpgradeCheck = 1330;
				TargetAttributes = {
					62A54DD7280C84AD00FCC053 = {
						CreatedOnToolsVersion = 13.3.1;
					};
				};
			};
			buildConfigurationList = 62A54DD3280C84AD00FCC053 /* Build configuration list for PBXProject "navigator" */;
			compatibilityVersion = "Xcode 14.0";
			developmentRegion = en;
			hasScannedForEncodings = 0;
			knownRegions = (
				en,
				Base,
			);
			mainGroup = 62A54DCF280C84AD00FCC053;
			packageReferences = (
				CC79F2EC2A37D311006BAADE /* XCRemoteSwiftPackageReference "amplify-swift" */,
				CC79F2F92A37E327006BAADE /* XCRemoteSwiftPackageReference "amplify-ui-swift-authenticator" */,
			);
			productRefGroup = 62A54DD9280C84AD00FCC053 /* Products */;
			projectDirPath = "";
			projectRoot = "";
			targets = (
				62A54DD7280C84AD00FCC053 /* navigator */,
			);
		};
/* End PBXProject section */

/* Begin PBXResourcesBuildPhase section */
		62A54DD6280C84AD00FCC053 /* Resources */ = {
			isa = PBXResourcesBuildPhase;
			buildActionMask = 2147483647;
			files = (
				62BB510228694E5B00F975C1 /* form.json in Resources */,
				62BB510328694E5B00F975C1 /* actions.json in Resources */,
				62A54DE3280C84B100FCC053 /* Preview Assets.xcassets in Resources */,
				62A54DE0280C84B100FCC053 /* Assets.xcassets in Resources */,
				9DE7FDAF403717190FABB5E3 /* awsconfiguration.json in Resources */,
				BD189FEE287EFA1A7BE14BE6 /* amplifyconfiguration.json in Resources */,
			);
			runOnlyForDeploymentPostprocessing = 0;
		};
/* End PBXResourcesBuildPhase section */

/* Begin PBXSourcesBuildPhase section */
		62A54DD4280C84AD00FCC053 /* Sources */ = {
			isa = PBXSourcesBuildPhase;
			buildActionMask = 2147483647;
			files = (
				627EB1CA28735C6E004C5AEE /* PhotoControl.swift in Sources */,
				623C9AA529147A5800E1D2D5 /* SessionView.swift in Sources */,
				62BB50FF286948CF00F975C1 /* FormView.swift in Sources */,
				627EB1C628734D27004C5AEE /* Action.swift in Sources */,
				62A54DE5280C84B100FCC053 /* Persistence.swift in Sources */,
				629EE286285F8D46009F32DC /* TaskView.swift in Sources */,
				CC3C95CA2A3E75240007AC70 /* UpdateTask.swift in Sources */,
				62A54DE8280C84B100FCC053 /* navigator.xcdatamodeld in Sources */,
				6226AB5A2856B03500F63408 /* TaskStorage.swift in Sources */,
				6249FB3729148E8E00774CBD /* User.swift in Sources */,
				627EB1D42873AD93004C5AEE /* MapView.swift in Sources */,
				6226AB5C2856B73C00F63408 /* TaskModelView.swift in Sources */,
				623C9AAD29147AB100E1D2D5 /* UserState.swift in Sources */,
				62A54DDE280C84AD00FCC053 /* ContentView.swift in Sources */,
				627EB1CC28735C86004C5AEE /* ImagePicker.swift in Sources */,
				CC79F2FD2A38C6DC006BAADE /* TaskDto.swift in Sources */,
				623C9AAB29147AB100E1D2D5 /* SignUpView.swift in Sources */,
				623C9AAC29147AB100E1D2D5 /* ConfirmSignUpView.swift in Sources */,
				62A54DDC280C84AD00FCC053 /* navigatorApp.swift in Sources */,
				627EB1C828734FCA004C5AEE /* FormControl.swift in Sources */,
				623C9AAA29147AB100E1D2D5 /* LoginView.swift in Sources */,
				CC3C95C82A3E733A0007AC70 /* TaskStatus.swift in Sources */,
				627EB1CE2873A03B004C5AEE /* LocationManager.swift in Sources */,
			);
			runOnlyForDeploymentPostprocessing = 0;
		};
/* End PBXSourcesBuildPhase section */

/* Begin XCBuildConfiguration section */
		62A54DE9280C84B100FCC053 /* Debug */ = {
			isa = XCBuildConfiguration;
			buildSettings = {
				ALWAYS_SEARCH_USER_PATHS = NO;
				CLANG_ANALYZER_NONNULL = YES;
				CLANG_ANALYZER_NUMBER_OBJECT_CONVERSION = YES_AGGRESSIVE;
				CLANG_CXX_LANGUAGE_STANDARD = "gnu++17";
				CLANG_ENABLE_MODULES = YES;
				CLANG_ENABLE_OBJC_ARC = YES;
				CLANG_ENABLE_OBJC_WEAK = YES;
				CLANG_WARN_BLOCK_CAPTURE_AUTORELEASING = YES;
				CLANG_WARN_BOOL_CONVERSION = YES;
				CLANG_WARN_COMMA = YES;
				CLANG_WARN_CONSTANT_CONVERSION = YES;
				CLANG_WARN_DEPRECATED_OBJC_IMPLEMENTATIONS = YES;
				CLANG_WARN_DIRECT_OBJC_ISA_USAGE = YES_ERROR;
				CLANG_WARN_DOCUMENTATION_COMMENTS = YES;
				CLANG_WARN_EMPTY_BODY = YES;
				CLANG_WARN_ENUM_CONVERSION = YES;
				CLANG_WARN_INFINITE_RECURSION = YES;
				CLANG_WARN_INT_CONVERSION = YES;
				CLANG_WARN_NON_LITERAL_NULL_CONVERSION = YES;
				CLANG_WARN_OBJC_IMPLICIT_RETAIN_SELF = YES;
				CLANG_WARN_OBJC_LITERAL_CONVERSION = YES;
				CLANG_WARN_OBJC_ROOT_CLASS = YES_ERROR;
				CLANG_WARN_QUOTED_INCLUDE_IN_FRAMEWORK_HEADER = YES;
				CLANG_WARN_RANGE_LOOP_ANALYSIS = YES;
				CLANG_WARN_STRICT_PROTOTYPES = YES;
				CLANG_WARN_SUSPICIOUS_MOVE = YES;
				CLANG_WARN_UNGUARDED_AVAILABILITY = YES_AGGRESSIVE;
				CLANG_WARN_UNREACHABLE_CODE = YES;
				CLANG_WARN__DUPLICATE_METHOD_MATCH = YES;
				COPY_PHASE_STRIP = NO;
				DEBUG_INFORMATION_FORMAT = dwarf;
				ENABLE_STRICT_OBJC_MSGSEND = YES;
				ENABLE_TESTABILITY = YES;
				GCC_C_LANGUAGE_STANDARD = gnu11;
				GCC_DYNAMIC_NO_PIC = NO;
				GCC_NO_COMMON_BLOCKS = YES;
				GCC_OPTIMIZATION_LEVEL = 0;
				GCC_PREPROCESSOR_DEFINITIONS = (
					"DEBUG=1",
					"$(inherited)",
				);
				GCC_WARN_64_TO_32_BIT_CONVERSION = YES;
				GCC_WARN_ABOUT_RETURN_TYPE = YES_ERROR;
				GCC_WARN_UNDECLARED_SELECTOR = YES;
				GCC_WARN_UNINITIALIZED_AUTOS = YES_AGGRESSIVE;
				GCC_WARN_UNUSED_FUNCTION = YES;
				GCC_WARN_UNUSED_VARIABLE = YES;
				IPHONEOS_DEPLOYMENT_TARGET = 16.4;
				MTL_ENABLE_DEBUG_INFO = INCLUDE_SOURCE;
				MTL_FAST_MATH = YES;
				ONLY_ACTIVE_ARCH = YES;
				SDKROOT = iphoneos;
				SWIFT_ACTIVE_COMPILATION_CONDITIONS = DEBUG;
				SWIFT_OPTIMIZATION_LEVEL = "-Onone";
				SWIFT_VERSION = 5.0;
			};
			name = Debug;
		};
		62A54DEA280C84B100FCC053 /* Release */ = {
			isa = XCBuildConfiguration;
			buildSettings = {
				ALWAYS_SEARCH_USER_PATHS = NO;
				CLANG_ANALYZER_NONNULL = YES;
				CLANG_ANALYZER_NUMBER_OBJECT_CONVERSION = YES_AGGRESSIVE;
				CLANG_CXX_LANGUAGE_STANDARD = "gnu++17";
				CLANG_ENABLE_MODULES = YES;
				CLANG_ENABLE_OBJC_ARC = YES;
				CLANG_ENABLE_OBJC_WEAK = YES;
				CLANG_WARN_BLOCK_CAPTURE_AUTORELEASING = YES;
				CLANG_WARN_BOOL_CONVERSION = YES;
				CLANG_WARN_COMMA = YES;
				CLANG_WARN_CONSTANT_CONVERSION = YES;
				CLANG_WARN_DEPRECATED_OBJC_IMPLEMENTATIONS = YES;
				CLANG_WARN_DIRECT_OBJC_ISA_USAGE = YES_ERROR;
				CLANG_WARN_DOCUMENTATION_COMMENTS = YES;
				CLANG_WARN_EMPTY_BODY = YES;
				CLANG_WARN_ENUM_CONVERSION = YES;
				CLANG_WARN_INFINITE_RECURSION = YES;
				CLANG_WARN_INT_CONVERSION = YES;
				CLANG_WARN_NON_LITERAL_NULL_CONVERSION = YES;
				CLANG_WARN_OBJC_IMPLICIT_RETAIN_SELF = YES;
				CLANG_WARN_OBJC_LITERAL_CONVERSION = YES;
				CLANG_WARN_OBJC_ROOT_CLASS = YES_ERROR;
				CLANG_WARN_QUOTED_INCLUDE_IN_FRAMEWORK_HEADER = YES;
				CLANG_WARN_RANGE_LOOP_ANALYSIS = YES;
				CLANG_WARN_STRICT_PROTOTYPES = YES;
				CLANG_WARN_SUSPICIOUS_MOVE = YES;
				CLANG_WARN_UNGUARDED_AVAILABILITY = YES_AGGRESSIVE;
				CLANG_WARN_UNREACHABLE_CODE = YES;
				CLANG_WARN__DUPLICATE_METHOD_MATCH = YES;
				COPY_PHASE_STRIP = NO;
				DEBUG_INFORMATION_FORMAT = "dwarf-with-dsym";
				ENABLE_NS_ASSERTIONS = NO;
				ENABLE_STRICT_OBJC_MSGSEND = YES;
				GCC_C_LANGUAGE_STANDARD = gnu11;
				GCC_NO_COMMON_BLOCKS = YES;
				GCC_WARN_64_TO_32_BIT_CONVERSION = YES;
				GCC_WARN_ABOUT_RETURN_TYPE = YES_ERROR;
				GCC_WARN_UNDECLARED_SELECTOR = YES;
				GCC_WARN_UNINITIALIZED_AUTOS = YES_AGGRESSIVE;
				GCC_WARN_UNUSED_FUNCTION = YES;
				GCC_WARN_UNUSED_VARIABLE = YES;
				IPHONEOS_DEPLOYMENT_TARGET = 16.4;
				MTL_ENABLE_DEBUG_INFO = NO;
				MTL_FAST_MATH = YES;
				SDKROOT = iphoneos;
				SWIFT_COMPILATION_MODE = wholemodule;
				SWIFT_OPTIMIZATION_LEVEL = "-O";
				SWIFT_VERSION = 5.0;
				VALIDATE_PRODUCT = YES;
			};
			name = Release;
		};
		62A54DEC280C84B100FCC053 /* Debug */ = {
			isa = XCBuildConfiguration;
			buildSettings = {
				ASSETCATALOG_COMPILER_APPICON_NAME = AppIcon;
				ASSETCATALOG_COMPILER_GLOBAL_ACCENT_COLOR_NAME = AccentColor;
				CODE_SIGN_STYLE = Automatic;
				CURRENT_PROJECT_VERSION = 1;
				DEVELOPMENT_ASSET_PATHS = "\"navigator/Preview Content\"";
				DEVELOPMENT_TEAM = 9CF3YRSCQ6;
				ENABLE_PREVIEWS = YES;
				GENERATE_INFOPLIST_FILE = YES;
				INFOPLIST_FILE = navigator/Info.plist;
				INFOPLIST_KEY_UIApplicationSceneManifest_Generation = YES;
				INFOPLIST_KEY_UIApplicationSupportsIndirectInputEvents = YES;
				INFOPLIST_KEY_UILaunchScreen_Generation = YES;
				INFOPLIST_KEY_UISupportedInterfaceOrientations_iPad = "UIInterfaceOrientationPortrait UIInterfaceOrientationPortraitUpsideDown UIInterfaceOrientationLandscapeLeft UIInterfaceOrientationLandscapeRight";
				INFOPLIST_KEY_UISupportedInterfaceOrientations_iPhone = "UIInterfaceOrientationPortrait UIInterfaceOrientationLandscapeLeft UIInterfaceOrientationLandscapeRight";
				IPHONEOS_DEPLOYMENT_TARGET = 16.4;
				LD_RUNPATH_SEARCH_PATHS = (
					"$(inherited)",
					"@executable_path/Frameworks",
				);
				MARKETING_VERSION = 1.0;
				PRODUCT_BUNDLE_IDENTIFIER = com.galileo.navigator;
				PRODUCT_NAME = "$(TARGET_NAME)";
				SWIFT_EMIT_LOC_STRINGS = YES;
				SWIFT_VERSION = 5.0;
				TARGETED_DEVICE_FAMILY = "1,2";
			};
			name = Debug;
		};
		62A54DED280C84B100FCC053 /* Release */ = {
			isa = XCBuildConfiguration;
			buildSettings = {
				ASSETCATALOG_COMPILER_APPICON_NAME = AppIcon;
				ASSETCATALOG_COMPILER_GLOBAL_ACCENT_COLOR_NAME = AccentColor;
				CODE_SIGN_STYLE = Automatic;
				CURRENT_PROJECT_VERSION = 1;
				DEVELOPMENT_ASSET_PATHS = "\"navigator/Preview Content\"";
				DEVELOPMENT_TEAM = 9CF3YRSCQ6;
				ENABLE_PREVIEWS = YES;
				GENERATE_INFOPLIST_FILE = YES;
				INFOPLIST_FILE = navigator/Info.plist;
				INFOPLIST_KEY_UIApplicationSceneManifest_Generation = YES;
				INFOPLIST_KEY_UIApplicationSupportsIndirectInputEvents = YES;
				INFOPLIST_KEY_UILaunchScreen_Generation = YES;
				INFOPLIST_KEY_UISupportedInterfaceOrientations_iPad = "UIInterfaceOrientationPortrait UIInterfaceOrientationPortraitUpsideDown UIInterfaceOrientationLandscapeLeft UIInterfaceOrientationLandscapeRight";
				INFOPLIST_KEY_UISupportedInterfaceOrientations_iPhone = "UIInterfaceOrientationPortrait UIInterfaceOrientationLandscapeLeft UIInterfaceOrientationLandscapeRight";
				IPHONEOS_DEPLOYMENT_TARGET = 16.4;
				LD_RUNPATH_SEARCH_PATHS = (
					"$(inherited)",
					"@executable_path/Frameworks",
				);
				MARKETING_VERSION = 1.0;
				PRODUCT_BUNDLE_IDENTIFIER = com.galileo.navigator;
				PRODUCT_NAME = "$(TARGET_NAME)";
				SWIFT_EMIT_LOC_STRINGS = YES;
				SWIFT_VERSION = 5.0;
				TARGETED_DEVICE_FAMILY = "1,2";
			};
			name = Release;
		};
/* End XCBuildConfiguration section */

/* Begin XCConfigurationList section */
		62A54DD3280C84AD00FCC053 /* Build configuration list for PBXProject "navigator" */ = {
			isa = XCConfigurationList;
			buildConfigurations = (
				62A54DE9280C84B100FCC053 /* Debug */,
				62A54DEA280C84B100FCC053 /* Release */,
			);
			defaultConfigurationIsVisible = 0;
			defaultConfigurationName = Release;
		};
		62A54DEB280C84B100FCC053 /* Build configuration list for PBXNativeTarget "navigator" */ = {
			isa = XCConfigurationList;
			buildConfigurations = (
				62A54DEC280C84B100FCC053 /* Debug */,
				62A54DED280C84B100FCC053 /* Release */,
			);
			defaultConfigurationIsVisible = 0;
			defaultConfigurationName = Release;
		};
/* End XCConfigurationList section */

/* Begin XCRemoteSwiftPackageReference section */
		CC79F2EC2A37D311006BAADE /* XCRemoteSwiftPackageReference "amplify-swift" */ = {
			isa = XCRemoteSwiftPackageReference;
			repositoryURL = "https://github.com/aws-amplify/amplify-swift";
			requirement = {
				kind = upToNextMajorVersion;
				minimumVersion = 2.0.0;
			};
		};
		CC79F2F92A37E327006BAADE /* XCRemoteSwiftPackageReference "amplify-ui-swift-authenticator" */ = {
			isa = XCRemoteSwiftPackageReference;
			repositoryURL = "https://github.com/aws-amplify/amplify-ui-swift-authenticator";
			requirement = {
				kind = upToNextMajorVersion;
				minimumVersion = 1.0.0;
			};
		};
/* End XCRemoteSwiftPackageReference section */

/* Begin XCSwiftPackageProductDependency section */
		CC79F2ED2A37D311006BAADE /* AWSAPIPlugin */ = {
			isa = XCSwiftPackageProductDependency;
			package = CC79F2EC2A37D311006BAADE /* XCRemoteSwiftPackageReference "amplify-swift" */;
			productName = AWSAPIPlugin;
		};
		CC79F2EF2A37D311006BAADE /* AWSCognitoAuthPlugin */ = {
			isa = XCSwiftPackageProductDependency;
			package = CC79F2EC2A37D311006BAADE /* XCRemoteSwiftPackageReference "amplify-swift" */;
			productName = AWSCognitoAuthPlugin;
		};
		CC79F2F12A37D311006BAADE /* AWSDataStorePlugin */ = {
			isa = XCSwiftPackageProductDependency;
			package = CC79F2EC2A37D311006BAADE /* XCRemoteSwiftPackageReference "amplify-swift" */;
			productName = AWSDataStorePlugin;
		};
		CC79F2F32A37D311006BAADE /* AWSPluginsCore */ = {
			isa = XCSwiftPackageProductDependency;
			package = CC79F2EC2A37D311006BAADE /* XCRemoteSwiftPackageReference "amplify-swift" */;
			productName = AWSPluginsCore;
		};
		CC79F2F52A37D311006BAADE /* AWSS3StoragePlugin */ = {
			isa = XCSwiftPackageProductDependency;
			package = CC79F2EC2A37D311006BAADE /* XCRemoteSwiftPackageReference "amplify-swift" */;
			productName = AWSS3StoragePlugin;
		};
		CC79F2F72A37D311006BAADE /* Amplify */ = {
			isa = XCSwiftPackageProductDependency;
			package = CC79F2EC2A37D311006BAADE /* XCRemoteSwiftPackageReference "amplify-swift" */;
			productName = Amplify;
		};
		CC79F2FA2A37E327006BAADE /* Authenticator */ = {
			isa = XCSwiftPackageProductDependency;
			package = CC79F2F92A37E327006BAADE /* XCRemoteSwiftPackageReference "amplify-ui-swift-authenticator" */;
			productName = Authenticator;
		};
/* End XCSwiftPackageProductDependency section */

/* Begin XCVersionGroup section */
		62A54DE6280C84B100FCC053 /* navigator.xcdatamodeld */ = {
			isa = XCVersionGroup;
			children = (
				62A54DE7280C84B100FCC053 /* navigator.xcdatamodel */,
			);
			currentVersion = 62A54DE7280C84B100FCC053 /* navigator.xcdatamodel */;
			path = navigator.xcdatamodeld;
			sourceTree = "<group>";
			versionGroupType = wrapper.xcdatamodel;
		};
/* End XCVersionGroup section */
	};
	rootObject = 62A54DD0280C84AD00FCC053 /* Project object */;
}
